Microsoft Visual Studio Solution File, Format Version 12.00
# Visual Studio Version 17
VisualStudioVersion = 17.5.2.0
MinimumVisualStudioVersion = 10.0.40219.1
Project("{FAE04EC0-301F-11D3-BF4B-00C04F79EFBC}") = "SistemaDeEstoque", "SistemaDeEstoque.csproj", "{162F43EF-9C32-2C9E-DE68-9205B005E61A}"
EndProject
Global
	GlobalSection(SolutionConfigurationPlatforms) = preSolution
		Debug|Any CPU = Debug|Any CPU
		Release|Any CPU = Release|Any CPU
	EndGlobalSection
	GlobalSection(ProjectConfigurationPlatforms) = postSolution
		{162F43EF-9C32-2C9E-DE68-9205B005E61A}.Debug|Any CPU.ActiveCfg = Debug|Any CPU
		{162F43EF-9C32-2C9E-DE68-9205B005E61A}.Debug|Any CPU.Build.0 = Debug|Any CPU
		{162F43EF-9C32-2C9E-DE68-9205B005E61A}.Release|Any CPU.ActiveCfg = Release|Any CPU
		{162F43EF-9C32-2C9E-DE68-9205B005E61A}.Release|Any CPU.Build.0 = Release|Any CPU
	EndGlobalSection
	GlobalSection(SolutionProperties) = preSolution
		HideSolutionNode = FALSE
	EndGlobalSection
	GlobalSection(ExtensibilityGlobals) = postSolution
		SolutionGuid = {2517AA48-D48E-4DDE-B60D-15D07B2EF528}
	EndGlobalSection
EndGlobal
