Microsoft Visual Studio Solution File, Format Version 12.00
# Visual Studio Version 17
VisualStudioVersion = 17.5.2.0
MinimumVisualStudioVersion = 10.0.40219.1
Project("{FAE04EC0-301F-11D3-BF4B-00C04F79EFBC}") = "Sistema_bancario", "Sistema_bancario.csproj", "{6B76D8B3-A943-EB24-4533-CC61A161FBE2}"
EndProject
Global
	GlobalSection(SolutionConfigurationPlatforms) = preSolution
		Debug|Any CPU = Debug|Any CPU
		Release|Any CPU = Release|Any CPU
	EndGlobalSection
	GlobalSection(ProjectConfigurationPlatforms) = postSolution
		{6B76D8B3-A943-EB24-4533-CC61A161FBE2}.Debug|Any CPU.ActiveCfg = Debug|Any CPU
		{6B76D8B3-A943-EB24-4533-CC61A161FBE2}.Debug|Any CPU.Build.0 = Debug|Any CPU
		{6B76D8B3-A943-EB24-4533-CC61A161FBE2}.Release|Any CPU.ActiveCfg = Release|Any CPU
		{6B76D8B3-A943-EB24-4533-CC61A161FBE2}.Release|Any CPU.Build.0 = Release|Any CPU
	EndGlobalSection
	GlobalSection(SolutionProperties) = preSolution
		HideSolutionNode = FALSE
	EndGlobalSection
	GlobalSection(ExtensibilityGlobals) = postSolution
		SolutionGuid = {02F05390-69AA-4331-BFC0-91C178537A06}
	EndGlobalSection
EndGlobal
